{
  "requires": true,
  "lockfileVersion": 1,
  "dependencies": {
    "jquery": {
      "version": "3.5.1",
      "resolved": "https://registry.npmjs.org/jquery/-/jquery-3.5.1.tgz",
      "integrity": "sha512-XwIBPqcMn57FxfT+Go5pzySnm4KWkT1Tv7gjrpT1srtf8Weynl6R273VJ5GjkRb51IzMp5nbaPjJXMWeju2MKg=="
    },
    "signalr": {
      "version": "2.4.1",
      "resolved": "https://registry.npmjs.org/signalr/-/signalr-2.4.1.tgz",
      "integrity": "sha512-HhIcA9kOE9WBs/DPHd+9jN90GDeSD7RRAETcmxn80laDBQmkQeHblzGBNw4rBzn1behe2WiFYQcbKyx11H3ADw==",
      "requires": {
        "jquery": ">=1.6.4"
      }
    }
  }
}
